
Microsoft Visual Studio Solution File, Format Version 12.00
# Visual Studio Version 16
VisualStudioVersion = 16.0.29424.173
MinimumVisualStudioVersion = 10.0.40219.1
Project("{D954291E-2A0B-460D-934E-DC6B0785DB48}") = "UnoApp1.Shared", "UnoApp1\UnoApp1.Shared\UnoApp1.Shared.shproj", "{6279C845-92F8-4333-AB99-3D213163593C}"
EndProject
Project("{FAE04EC0-301F-11D3-BF4B-00C04F79EFBC}") = "UnoApp1.Droid", "UnoApp1\UnoApp1.Droid\UnoApp1.Droid.csproj", "{8BA6DD1A-5D26-4D4E-BFED-219F1403157C}"
EndProject
Project("{FAE04EC0-301F-11D3-BF4B-00C04F79EFBC}") = "UnoApp1.iOS", "UnoApp1\UnoApp1.iOS\UnoApp1.iOS.csproj", "{5A0844A0-DF54-4826-BEBD-80CFB4169AC1}"
EndProject
Project("{FAE04EC0-301F-11D3-BF4B-00C04F79EFBC}") = "UnoApp1.UWP", "UnoApp1\UnoApp1.UWP\UnoApp1.UWP.csproj", "{37B7B4CA-9644-4FD4-8697-D9B59E4CB483}"
EndProject
Project("{9A19103F-16F7-4668-BE54-9A1E7A4F7556}") = "UnoApp1.Wasm", "UnoApp1\UnoApp1.Wasm\UnoApp1.Wasm.csproj", "{26CDD928-FA4B-41E9-9213-0B49C6910E38}"
EndProject
Global
	GlobalSection(SharedMSBuildProjectFiles) = preSolution
		UnoApp1\UnoApp1.Shared\UnoApp1.Shared.projitems*{37b7b4ca-9644-4fd4-8697-d9b59e4cb483}*SharedItemsImports = 4
		UnoApp1\UnoApp1.Shared\UnoApp1.Shared.projitems*{5a0844a0-df54-4826-bebd-80cfb4169ac1}*SharedItemsImports = 4
		UnoApp1\UnoApp1.Shared\UnoApp1.Shared.projitems*{6279c845-92f8-4333-ab99-3d213163593c}*SharedItemsImports = 13
		UnoApp1\UnoApp1.Shared\UnoApp1.Shared.projitems*{8ba6dd1a-5d26-4d4e-bfed-219f1403157c}*SharedItemsImports = 4
	EndGlobalSection
	GlobalSection(SolutionConfigurationPlatforms) = preSolution
		Ad-Hoc|Any CPU = Ad-Hoc|Any CPU
		Ad-Hoc|ARM = Ad-Hoc|ARM
		Ad-Hoc|iPhone = Ad-Hoc|iPhone
		Ad-Hoc|iPhoneSimulator = Ad-Hoc|iPhoneSimulator
		Ad-Hoc|x64 = Ad-Hoc|x64
		Ad-Hoc|x86 = Ad-Hoc|x86
		AppStore|Any CPU = AppStore|Any CPU
		AppStore|ARM = AppStore|ARM
		AppStore|iPhone = AppStore|iPhone
		AppStore|iPhoneSimulator = AppStore|iPhoneSimulator
		AppStore|x64 = AppStore|x64
		AppStore|x86 = AppStore|x86
		Debug|Any CPU = Debug|Any CPU
		Debug|ARM = Debug|ARM
		Debug|iPhone = Debug|iPhone
		Debug|iPhoneSimulator = Debug|iPhoneSimulator
		Debug|x64 = Debug|x64
		Debug|x86 = Debug|x86
		Release|Any CPU = Release|Any CPU
		Release|ARM = Release|ARM
		Release|iPhone = Release|iPhone
		Release|iPhoneSimulator = Release|iPhoneSimulator
		Release|x64 = Release|x64
		Release|x86 = Release|x86
	EndGlobalSection
	GlobalSection(ProjectConfigurationPlatforms) = postSolution
		{8BA6DD1A-5D26-4D4E-BFED-219F1403157C}.Ad-Hoc|Any CPU.ActiveCfg = Release|Any CPU
		{8BA6DD1A-5D26-4D4E-BFED-219F1403157C}.Ad-Hoc|Any CPU.Build.0 = Release|Any CPU
		{8BA6DD1A-5D26-4D4E-BFED-219F1403157C}.Ad-Hoc|Any CPU.Deploy.0 = Release|Any CPU
		{8BA6DD1A-5D26-4D4E-BFED-219F1403157C}.Ad-Hoc|ARM.ActiveCfg = Release|Any CPU
		{8BA6DD1A-5D26-4D4E-BFED-219F1403157C}.Ad-Hoc|ARM.Build.0 = Release|Any CPU
		{8BA6DD1A-5D26-4D4E-BFED-219F1403157C}.Ad-Hoc|ARM.Deploy.0 = Release|Any CPU
		{8BA6DD1A-5D26-4D4E-BFED-219F1403157C}.Ad-Hoc|iPhone.ActiveCfg = Release|Any CPU
		{8BA6DD1A-5D26-4D4E-BFED-219F1403157C}.Ad-Hoc|iPhone.Build.0 = Release|Any CPU
		{8BA6DD1A-5D26-4D4E-BFED-219F1403157C}.Ad-Hoc|iPhone.Deploy.0 = Release|Any CPU
		{8BA6DD1A-5D26-4D4E-BFED-219F1403157C}.Ad-Hoc|iPhoneSimulator.ActiveCfg = Release|Any CPU
		{8BA6DD1A-5D26-4D4E-BFED-219F1403157C}.Ad-Hoc|iPhoneSimulator.Build.0 = Release|Any CPU
		{8BA6DD1A-5D26-4D4E-BFED-219F1403157C}.Ad-Hoc|iPhoneSimulator.Deploy.0 = Release|Any CPU
		{8BA6DD1A-5D26-4D4E-BFED-219F1403157C}.Ad-Hoc|x64.ActiveCfg = Release|Any CPU
		{8BA6DD1A-5D26-4D4E-BFED-219F1403157C}.Ad-Hoc|x64.Build.0 = Release|Any CPU
		{8BA6DD1A-5D26-4D4E-BFED-219F1403157C}.Ad-Hoc|x64.Deploy.0 = Release|Any CPU
		{8BA6DD1A-5D26-4D4E-BFED-219F1403157C}.Ad-Hoc|x86.ActiveCfg = Release|Any CPU
		{8BA6DD1A-5D26-4D4E-BFED-219F1403157C}.Ad-Hoc|x86.Build.0 = Release|Any CPU
		{8BA6DD1A-5D26-4D4E-BFED-219F1403157C}.Ad-Hoc|x86.Deploy.0 = Release|Any CPU
		{8BA6DD1A-5D26-4D4E-BFED-219F1403157C}.AppStore|Any CPU.ActiveCfg = Release|Any CPU
		{8BA6DD1A-5D26-4D4E-BFED-219F1403157C}.AppStore|Any CPU.Build.0 = Release|Any CPU
		{8BA6DD1A-5D26-4D4E-BFED-219F1403157C}.AppStore|Any CPU.Deploy.0 = Release|Any CPU
		{8BA6DD1A-5D26-4D4E-BFED-219F1403157C}.AppStore|ARM.ActiveCfg = Release|Any CPU
		{8BA6DD1A-5D26-4D4E-BFED-219F1403157C}.AppStore|ARM.Build.0 = Release|Any CPU
		{8BA6DD1A-5D26-4D4E-BFED-219F1403157C}.AppStore|ARM.Deploy.0 = Release|Any CPU
		{8BA6DD1A-5D26-4D4E-BFED-219F1403157C}.AppStore|iPhone.ActiveCfg = Release|Any CPU
		{8BA6DD1A-5D26-4D4E-BFED-219F1403157C}.AppStore|iPhone.Build.0 = Release|Any CPU
		{8BA6DD1A-5D26-4D4E-BFED-219F1403157C}.AppStore|iPhone.Deploy.0 = Release|Any CPU
		{8BA6DD1A-5D26-4D4E-BFED-219F1403157C}.AppStore|iPhoneSimulator.ActiveCfg = Release|Any CPU
		{8BA6DD1A-5D26-4D4E-BFED-219F1403157C}.AppStore|iPhoneSimulator.Build.0 = Release|Any CPU
		{8BA6DD1A-5D26-4D4E-BFED-219F1403157C}.AppStore|iPhoneSimulator.Deploy.0 = Release|Any CPU
		{8BA6DD1A-5D26-4D4E-BFED-219F1403157C}.AppStore|x64.ActiveCfg = Release|Any CPU
		{8BA6DD1A-5D26-4D4E-BFED-219F1403157C}.AppStore|x64.Build.0 = Release|Any CPU
		{8BA6DD1A-5D26-4D4E-BFED-219F1403157C}.AppStore|x64.Deploy.0 = Release|Any CPU
		{8BA6DD1A-5D26-4D4E-BFED-219F1403157C}.AppStore|x86.ActiveCfg = Release|Any CPU
		{8BA6DD1A-5D26-4D4E-BFED-219F1403157C}.AppStore|x86.Build.0 = Release|Any CPU
		{8BA6DD1A-5D26-4D4E-BFED-219F1403157C}.AppStore|x86.Deploy.0 = Release|Any CPU
		{8BA6DD1A-5D26-4D4E-BFED-219F1403157C}.Debug|Any CPU.ActiveCfg = Debug|Any CPU
		{8BA6DD1A-5D26-4D4E-BFED-219F1403157C}.Debug|Any CPU.Build.0 = Debug|Any CPU
		{8BA6DD1A-5D26-4D4E-BFED-219F1403157C}.Debug|Any CPU.Deploy.0 = Debug|Any CPU
		{8BA6DD1A-5D26-4D4E-BFED-219F1403157C}.Debug|ARM.ActiveCfg = Debug|Any CPU
		{8BA6DD1A-5D26-4D4E-BFED-219F1403157C}.Debug|ARM.Build.0 = Debug|Any CPU
		{8BA6DD1A-5D26-4D4E-BFED-219F1403157C}.Debug|ARM.Deploy.0 = Debug|Any CPU
		{8BA6DD1A-5D26-4D4E-BFED-219F1403157C}.Debug|iPhone.ActiveCfg = Debug|Any CPU
		{8BA6DD1A-5D26-4D4E-BFED-219F1403157C}.Debug|iPhone.Build.0 = Debug|Any CPU
		{8BA6DD1A-5D26-4D4E-BFED-219F1403157C}.Debug|iPhone.Deploy.0 = Debug|Any CPU
		{8BA6DD1A-5D26-4D4E-BFED-219F1403157C}.Debug|iPhoneSimulator.ActiveCfg = Debug|Any CPU
		{8BA6DD1A-5D26-4D4E-BFED-219F1403157C}.Debug|iPhoneSimulator.Build.0 = Debug|Any CPU
		{8BA6DD1A-5D26-4D4E-BFED-219F1403157C}.Debug|iPhoneSimulator.Deploy.0 = Debug|Any CPU
		{8BA6DD1A-5D26-4D4E-BFED-219F1403157C}.Debug|x64.ActiveCfg = Debug|Any CPU
		{8BA6DD1A-5D26-4D4E-BFED-219F1403157C}.Debug|x64.Build.0 = Debug|Any CPU
		{8BA6DD1A-5D26-4D4E-BFED-219F1403157C}.Debug|x64.Deploy.0 = Debug|Any CPU
		{8BA6DD1A-5D26-4D4E-BFED-219F1403157C}.Debug|x86.ActiveCfg = Debug|Any CPU
		{8BA6DD1A-5D26-4D4E-BFED-219F1403157C}.Debug|x86.Build.0 = Debug|Any CPU
		{8BA6DD1A-5D26-4D4E-BFED-219F1403157C}.Debug|x86.Deploy.0 = Debug|Any CPU
		{8BA6DD1A-5D26-4D4E-BFED-219F1403157C}.Release|Any CPU.ActiveCfg = Release|Any CPU
		{8BA6DD1A-5D26-4D4E-BFED-219F1403157C}.Release|Any CPU.Build.0 = Release|Any CPU
		{8BA6DD1A-5D26-4D4E-BFED-219F1403157C}.Release|Any CPU.Deploy.0 = Release|Any CPU
		{8BA6DD1A-5D26-4D4E-BFED-219F1403157C}.Release|ARM.ActiveCfg = Release|Any CPU
		{8BA6DD1A-5D26-4D4E-BFED-219F1403157C}.Release|ARM.Build.0 = Release|Any CPU
		{8BA6DD1A-5D26-4D4E-BFED-219F1403157C}.Release|ARM.Deploy.0 = Release|Any CPU
		{8BA6DD1A-5D26-4D4E-BFED-219F1403157C}.Release|iPhone.ActiveCfg = Release|Any CPU
		{8BA6DD1A-5D26-4D4E-BFED-219F1403157C}.Release|iPhone.Build.0 = Release|Any CPU
		{8BA6DD1A-5D26-4D4E-BFED-219F1403157C}.Release|iPhone.Deploy.0 = Release|Any CPU
		{8BA6DD1A-5D26-4D4E-BFED-219F1403157C}.Release|iPhoneSimulator.ActiveCfg = Release|Any CPU
		{8BA6DD1A-5D26-4D4E-BFED-219F1403157C}.Release|iPhoneSimulator.Build.0 = Release|Any CPU
		{8BA6DD1A-5D26-4D4E-BFED-219F1403157C}.Release|iPhoneSimulator.Deploy.0 = Release|Any CPU
		{8BA6DD1A-5D26-4D4E-BFED-219F1403157C}.Release|x64.ActiveCfg = Release|Any CPU
		{8BA6DD1A-5D26-4D4E-BFED-219F1403157C}.Release|x64.Build.0 = Release|Any CPU
		{8BA6DD1A-5D26-4D4E-BFED-219F1403157C}.Release|x64.Deploy.0 = Release|Any CPU
		{8BA6DD1A-5D26-4D4E-BFED-219F1403157C}.Release|x86.ActiveCfg = Release|Any CPU
		{8BA6DD1A-5D26-4D4E-BFED-219F1403157C}.Release|x86.Build.0 = Release|Any CPU
		{8BA6DD1A-5D26-4D4E-BFED-219F1403157C}.Release|x86.Deploy.0 = Release|Any CPU
		{5A0844A0-DF54-4826-BEBD-80CFB4169AC1}.Ad-Hoc|Any CPU.ActiveCfg = Ad-Hoc|iPhone
		{5A0844A0-DF54-4826-BEBD-80CFB4169AC1}.Ad-Hoc|ARM.ActiveCfg = Ad-Hoc|iPhone
		{5A0844A0-DF54-4826-BEBD-80CFB4169AC1}.Ad-Hoc|iPhone.ActiveCfg = Ad-Hoc|iPhone
		{5A0844A0-DF54-4826-BEBD-80CFB4169AC1}.Ad-Hoc|iPhone.Build.0 = Ad-Hoc|iPhone
		{5A0844A0-DF54-4826-BEBD-80CFB4169AC1}.Ad-Hoc|iPhoneSimulator.ActiveCfg = Ad-Hoc|iPhoneSimulator
		{5A0844A0-DF54-4826-BEBD-80CFB4169AC1}.Ad-Hoc|iPhoneSimulator.Build.0 = Ad-Hoc|iPhoneSimulator
		{5A0844A0-DF54-4826-BEBD-80CFB4169AC1}.Ad-Hoc|x64.ActiveCfg = Ad-Hoc|iPhone
		{5A0844A0-DF54-4826-BEBD-80CFB4169AC1}.Ad-Hoc|x86.ActiveCfg = Ad-Hoc|iPhone
		{5A0844A0-DF54-4826-BEBD-80CFB4169AC1}.AppStore|Any CPU.ActiveCfg = AppStore|iPhone
		{5A0844A0-DF54-4826-BEBD-80CFB4169AC1}.AppStore|ARM.ActiveCfg = AppStore|iPhone
		{5A0844A0-DF54-4826-BEBD-80CFB4169AC1}.AppStore|iPhone.ActiveCfg = AppStore|iPhone
		{5A0844A0-DF54-4826-BEBD-80CFB4169AC1}.AppStore|iPhone.Build.0 = AppStore|iPhone
		{5A0844A0-DF54-4826-BEBD-80CFB4169AC1}.AppStore|iPhoneSimulator.ActiveCfg = AppStore|iPhoneSimulator
		{5A0844A0-DF54-4826-BEBD-80CFB4169AC1}.AppStore|iPhoneSimulator.Build.0 = AppStore|iPhoneSimulator
		{5A0844A0-DF54-4826-BEBD-80CFB4169AC1}.AppStore|x64.ActiveCfg = AppStore|iPhone
		{5A0844A0-DF54-4826-BEBD-80CFB4169AC1}.AppStore|x86.ActiveCfg = AppStore|iPhone
		{5A0844A0-DF54-4826-BEBD-80CFB4169AC1}.Debug|Any CPU.ActiveCfg = Debug|iPhone
		{5A0844A0-DF54-4826-BEBD-80CFB4169AC1}.Debug|ARM.ActiveCfg = Debug|iPhone
		{5A0844A0-DF54-4826-BEBD-80CFB4169AC1}.Debug|iPhone.ActiveCfg = Debug|iPhone
		{5A0844A0-DF54-4826-BEBD-80CFB4169AC1}.Debug|iPhone.Build.0 = Debug|iPhone
		{5A0844A0-DF54-4826-BEBD-80CFB4169AC1}.Debug|iPhoneSimulator.ActiveCfg = Debug|iPhoneSimulator
		{5A0844A0-DF54-4826-BEBD-80CFB4169AC1}.Debug|iPhoneSimulator.Build.0 = Debug|iPhoneSimulator
		{5A0844A0-DF54-4826-BEBD-80CFB4169AC1}.Debug|x64.ActiveCfg = Debug|iPhone
		{5A0844A0-DF54-4826-BEBD-80CFB4169AC1}.Debug|x86.ActiveCfg = Debug|iPhone
		{5A0844A0-DF54-4826-BEBD-80CFB4169AC1}.Release|Any CPU.ActiveCfg = Release|iPhone
		{5A0844A0-DF54-4826-BEBD-80CFB4169AC1}.Release|ARM.ActiveCfg = Release|iPhone
		{5A0844A0-DF54-4826-BEBD-80CFB4169AC1}.Release|iPhone.ActiveCfg = Release|iPhone
		{5A0844A0-DF54-4826-BEBD-80CFB4169AC1}.Release|iPhone.Build.0 = Release|iPhone
		{5A0844A0-DF54-4826-BEBD-80CFB4169AC1}.Release|iPhoneSimulator.ActiveCfg = Release|iPhoneSimulator
		{5A0844A0-DF54-4826-BEBD-80CFB4169AC1}.Release|iPhoneSimulator.Build.0 = Release|iPhoneSimulator
		{5A0844A0-DF54-4826-BEBD-80CFB4169AC1}.Release|x64.ActiveCfg = Release|iPhone
		{5A0844A0-DF54-4826-BEBD-80CFB4169AC1}.Release|x86.ActiveCfg = Release|iPhone
		{37B7B4CA-9644-4FD4-8697-D9B59E4CB483}.Ad-Hoc|Any CPU.ActiveCfg = Release|x64
		{37B7B4CA-9644-4FD4-8697-D9B59E4CB483}.Ad-Hoc|Any CPU.Build.0 = Release|x64
		{37B7B4CA-9644-4FD4-8697-D9B59E4CB483}.Ad-Hoc|Any CPU.Deploy.0 = Release|x64
		{37B7B4CA-9644-4FD4-8697-D9B59E4CB483}.Ad-Hoc|ARM.ActiveCfg = Release|ARM
		{37B7B4CA-9644-4FD4-8697-D9B59E4CB483}.Ad-Hoc|ARM.Build.0 = Release|ARM
		{37B7B4CA-9644-4FD4-8697-D9B59E4CB483}.Ad-Hoc|ARM.Deploy.0 = Release|ARM
		{37B7B4CA-9644-4FD4-8697-D9B59E4CB483}.Ad-Hoc|iPhone.ActiveCfg = Release|x64
		{37B7B4CA-9644-4FD4-8697-D9B59E4CB483}.Ad-Hoc|iPhone.Build.0 = Release|x64
		{37B7B4CA-9644-4FD4-8697-D9B59E4CB483}.Ad-Hoc|iPhone.Deploy.0 = Release|x64
		{37B7B4CA-9644-4FD4-8697-D9B59E4CB483}.Ad-Hoc|iPhoneSimulator.ActiveCfg = Release|x64
		{37B7B4CA-9644-4FD4-8697-D9B59E4CB483}.Ad-Hoc|iPhoneSimulator.Build.0 = Release|x64
		{37B7B4CA-9644-4FD4-8697-D9B59E4CB483}.Ad-Hoc|iPhoneSimulator.Deploy.0 = Release|x64
		{37B7B4CA-9644-4FD4-8697-D9B59E4CB483}.Ad-Hoc|x64.ActiveCfg = Release|x64
		{37B7B4CA-9644-4FD4-8697-D9B59E4CB483}.Ad-Hoc|x64.Build.0 = Release|x64
		{37B7B4CA-9644-4FD4-8697-D9B59E4CB483}.Ad-Hoc|x64.Deploy.0 = Release|x64
		{37B7B4CA-9644-4FD4-8697-D9B59E4CB483}.Ad-Hoc|x86.ActiveCfg = Release|x86
		{37B7B4CA-9644-4FD4-8697-D9B59E4CB483}.Ad-Hoc|x86.Build.0 = Release|x86
		{37B7B4CA-9644-4FD4-8697-D9B59E4CB483}.Ad-Hoc|x86.Deploy.0 = Release|x86
		{37B7B4CA-9644-4FD4-8697-D9B59E4CB483}.AppStore|Any CPU.ActiveCfg = Release|x64
		{37B7B4CA-9644-4FD4-8697-D9B59E4CB483}.AppStore|Any CPU.Build.0 = Release|x64
		{37B7B4CA-9644-4FD4-8697-D9B59E4CB483}.AppStore|Any CPU.Deploy.0 = Release|x64
		{37B7B4CA-9644-4FD4-8697-D9B59E4CB483}.AppStore|ARM.ActiveCfg = Release|ARM
		{37B7B4CA-9644-4FD4-8697-D9B59E4CB483}.AppStore|ARM.Build.0 = Release|ARM
		{37B7B4CA-9644-4FD4-8697-D9B59E4CB483}.AppStore|ARM.Deploy.0 = Release|ARM
		{37B7B4CA-9644-4FD4-8697-D9B59E4CB483}.AppStore|iPhone.ActiveCfg = Release|x64
		{37B7B4CA-9644-4FD4-8697-D9B59E4CB483}.AppStore|iPhone.Build.0 = Release|x64
		{37B7B4CA-9644-4FD4-8697-D9B59E4CB483}.AppStore|iPhone.Deploy.0 = Release|x64
		{37B7B4CA-9644-4FD4-8697-D9B59E4CB483}.AppStore|iPhoneSimulator.ActiveCfg = Release|x64
		{37B7B4CA-9644-4FD4-8697-D9B59E4CB483}.AppStore|iPhoneSimulator.Build.0 = Release|x64
		{37B7B4CA-9644-4FD4-8697-D9B59E4CB483}.AppStore|iPhoneSimulator.Deploy.0 = Release|x64
		{37B7B4CA-9644-4FD4-8697-D9B59E4CB483}.AppStore|x64.ActiveCfg = Release|x64
		{37B7B4CA-9644-4FD4-8697-D9B59E4CB483}.AppStore|x64.Build.0 = Release|x64
		{37B7B4CA-9644-4FD4-8697-D9B59E4CB483}.AppStore|x64.Deploy.0 = Release|x64
		{37B7B4CA-9644-4FD4-8697-D9B59E4CB483}.AppStore|x86.ActiveCfg = Release|x86
		{37B7B4CA-9644-4FD4-8697-D9B59E4CB483}.AppStore|x86.Build.0 = Release|x86
		{37B7B4CA-9644-4FD4-8697-D9B59E4CB483}.AppStore|x86.Deploy.0 = Release|x86
		{37B7B4CA-9644-4FD4-8697-D9B59E4CB483}.Debug|Any CPU.ActiveCfg = Debug|x86
		{37B7B4CA-9644-4FD4-8697-D9B59E4CB483}.Debug|ARM.ActiveCfg = Debug|ARM
		{37B7B4CA-9644-4FD4-8697-D9B59E4CB483}.Debug|ARM.Build.0 = Debug|ARM
		{37B7B4CA-9644-4FD4-8697-D9B59E4CB483}.Debug|ARM.Deploy.0 = Debug|ARM
		{37B7B4CA-9644-4FD4-8697-D9B59E4CB483}.Debug|iPhone.ActiveCfg = Debug|x86
		{37B7B4CA-9644-4FD4-8697-D9B59E4CB483}.Debug|iPhoneSimulator.ActiveCfg = Debug|x86
		{37B7B4CA-9644-4FD4-8697-D9B59E4CB483}.Debug|x64.ActiveCfg = Debug|x64
		{37B7B4CA-9644-4FD4-8697-D9B59E4CB483}.Debug|x64.Build.0 = Debug|x64
		{37B7B4CA-9644-4FD4-8697-D9B59E4CB483}.Debug|x64.Deploy.0 = Debug|x64
		{37B7B4CA-9644-4FD4-8697-D9B59E4CB483}.Debug|x86.ActiveCfg = Debug|x86
		{37B7B4CA-9644-4FD4-8697-D9B59E4CB483}.Debug|x86.Build.0 = Debug|x86
		{37B7B4CA-9644-4FD4-8697-D9B59E4CB483}.Debug|x86.Deploy.0 = Debug|x86
		{37B7B4CA-9644-4FD4-8697-D9B59E4CB483}.Release|Any CPU.ActiveCfg = Release|x86
		{37B7B4CA-9644-4FD4-8697-D9B59E4CB483}.Release|ARM.ActiveCfg = Release|ARM
		{37B7B4CA-9644-4FD4-8697-D9B59E4CB483}.Release|ARM.Build.0 = Release|ARM
		{37B7B4CA-9644-4FD4-8697-D9B59E4CB483}.Release|ARM.Deploy.0 = Release|ARM
		{37B7B4CA-9644-4FD4-8697-D9B59E4CB483}.Release|iPhone.ActiveCfg = Release|x86
		{37B7B4CA-9644-4FD4-8697-D9B59E4CB483}.Release|iPhoneSimulator.ActiveCfg = Release|x86
		{37B7B4CA-9644-4FD4-8697-D9B59E4CB483}.Release|x64.ActiveCfg = Release|x64
		{37B7B4CA-9644-4FD4-8697-D9B59E4CB483}.Release|x64.Build.0 = Release|x64
		{37B7B4CA-9644-4FD4-8697-D9B59E4CB483}.Release|x64.Deploy.0 = Release|x64
		{37B7B4CA-9644-4FD4-8697-D9B59E4CB483}.Release|x86.ActiveCfg = Release|x86
		{37B7B4CA-9644-4FD4-8697-D9B59E4CB483}.Release|x86.Build.0 = Release|x86
		{37B7B4CA-9644-4FD4-8697-D9B59E4CB483}.Release|x86.Deploy.0 = Release|x86
		{26CDD928-FA4B-41E9-9213-0B49C6910E38}.Ad-Hoc|Any CPU.ActiveCfg = Debug|Any CPU
		{26CDD928-FA4B-41E9-9213-0B49C6910E38}.Ad-Hoc|Any CPU.Build.0 = Debug|Any CPU
		{26CDD928-FA4B-41E9-9213-0B49C6910E38}.Ad-Hoc|ARM.ActiveCfg = Debug|Any CPU
		{26CDD928-FA4B-41E9-9213-0B49C6910E38}.Ad-Hoc|ARM.Build.0 = Debug|Any CPU
		{26CDD928-FA4B-41E9-9213-0B49C6910E38}.Ad-Hoc|iPhone.ActiveCfg = Debug|Any CPU
		{26CDD928-FA4B-41E9-9213-0B49C6910E38}.Ad-Hoc|iPhone.Build.0 = Debug|Any CPU
		{26CDD928-FA4B-41E9-9213-0B49C6910E38}.Ad-Hoc|iPhoneSimulator.ActiveCfg = Debug|Any CPU
		{26CDD928-FA4B-41E9-9213-0B49C6910E38}.Ad-Hoc|iPhoneSimulator.Build.0 = Debug|Any CPU
		{26CDD928-FA4B-41E9-9213-0B49C6910E38}.Ad-Hoc|x64.ActiveCfg = Debug|Any CPU
		{26CDD928-FA4B-41E9-9213-0B49C6910E38}.Ad-Hoc|x64.Build.0 = Debug|Any CPU
		{26CDD928-FA4B-41E9-9213-0B49C6910E38}.Ad-Hoc|x86.ActiveCfg = Debug|Any CPU
		{26CDD928-FA4B-41E9-9213-0B49C6910E38}.Ad-Hoc|x86.Build.0 = Debug|Any CPU
		{26CDD928-FA4B-41E9-9213-0B49C6910E38}.AppStore|Any CPU.ActiveCfg = Debug|Any CPU
		{26CDD928-FA4B-41E9-9213-0B49C6910E38}.AppStore|Any CPU.Build.0 = Debug|Any CPU
		{26CDD928-FA4B-41E9-9213-0B49C6910E38}.AppStore|ARM.ActiveCfg = Debug|Any CPU
		{26CDD928-FA4B-41E9-9213-0B49C6910E38}.AppStore|ARM.Build.0 = Debug|Any CPU
		{26CDD928-FA4B-41E9-9213-0B49C6910E38}.AppStore|iPhone.ActiveCfg = Debug|Any CPU
		{26CDD928-FA4B-41E9-9213-0B49C6910E38}.AppStore|iPhone.Build.0 = Debug|Any CPU
		{26CDD928-FA4B-41E9-9213-0B49C6910E38}.AppStore|iPhoneSimulator.ActiveCfg = Debug|Any CPU
		{26CDD928-FA4B-41E9-9213-0B49C6910E38}.AppStore|iPhoneSimulator.Build.0 = Debug|Any CPU
		{26CDD928-FA4B-41E9-9213-0B49C6910E38}.AppStore|x64.ActiveCfg = Debug|Any CPU
		{26CDD928-FA4B-41E9-9213-0B49C6910E38}.AppStore|x64.Build.0 = Debug|Any CPU
		{26CDD928-FA4B-41E9-9213-0B49C6910E38}.AppStore|x86.ActiveCfg = Debug|Any CPU
		{26CDD928-FA4B-41E9-9213-0B49C6910E38}.AppStore|x86.Build.0 = Debug|Any CPU
		{26CDD928-FA4B-41E9-9213-0B49C6910E38}.Debug|Any CPU.ActiveCfg = Debug|Any CPU
		{26CDD928-FA4B-41E9-9213-0B49C6910E38}.Debug|Any CPU.Build.0 = Debug|Any CPU
		{26CDD928-FA4B-41E9-9213-0B49C6910E38}.Debug|ARM.ActiveCfg = Debug|Any CPU
		{26CDD928-FA4B-41E9-9213-0B49C6910E38}.Debug|ARM.Build.0 = Debug|Any CPU
		{26CDD928-FA4B-41E9-9213-0B49C6910E38}.Debug|iPhone.ActiveCfg = Debug|Any CPU
		{26CDD928-FA4B-41E9-9213-0B49C6910E38}.Debug|iPhone.Build.0 = Debug|Any CPU
		{26CDD928-FA4B-41E9-9213-0B49C6910E38}.Debug|iPhoneSimulator.ActiveCfg = Debug|Any CPU
		{26CDD928-FA4B-41E9-9213-0B49C6910E38}.Debug|iPhoneSimulator.Build.0 = Debug|Any CPU
		{26CDD928-FA4B-41E9-9213-0B49C6910E38}.Debug|x64.ActiveCfg = Debug|Any CPU
		{26CDD928-FA4B-41E9-9213-0B49C6910E38}.Debug|x64.Build.0 = Debug|Any CPU
		{26CDD928-FA4B-41E9-9213-0B49C6910E38}.Debug|x86.ActiveCfg = Debug|Any CPU
		{26CDD928-FA4B-41E9-9213-0B49C6910E38}.Debug|x86.Build.0 = Debug|Any CPU
		{26CDD928-FA4B-41E9-9213-0B49C6910E38}.Release|Any CPU.ActiveCfg = Release|Any CPU
		{26CDD928-FA4B-41E9-9213-0B49C6910E38}.Release|Any CPU.Build.0 = Release|Any CPU
		{26CDD928-FA4B-41E9-9213-0B49C6910E38}.Release|ARM.ActiveCfg = Release|Any CPU
		{26CDD928-FA4B-41E9-9213-0B49C6910E38}.Release|ARM.Build.0 = Release|Any CPU
		{26CDD928-FA4B-41E9-9213-0B49C6910E38}.Release|iPhone.ActiveCfg = Release|Any CPU
		{26CDD928-FA4B-41E9-9213-0B49C6910E38}.Release|iPhone.Build.0 = Release|Any CPU
		{26CDD928-FA4B-41E9-9213-0B49C6910E38}.Release|iPhoneSimulator.ActiveCfg = Release|Any CPU
		{26CDD928-FA4B-41E9-9213-0B49C6910E38}.Release|iPhoneSimulator.Build.0 = Release|Any CPU
		{26CDD928-FA4B-41E9-9213-0B49C6910E38}.Release|x64.ActiveCfg = Release|Any CPU
		{26CDD928-FA4B-41E9-9213-0B49C6910E38}.Release|x64.Build.0 = Release|Any CPU
		{26CDD928-FA4B-41E9-9213-0B49C6910E38}.Release|x86.ActiveCfg = Release|Any CPU
		{26CDD928-FA4B-41E9-9213-0B49C6910E38}.Release|x86.Build.0 = Release|Any CPU
	EndGlobalSection
	GlobalSection(SolutionProperties) = preSolution
		HideSolutionNode = FALSE
	EndGlobalSection
	GlobalSection(ExtensibilityGlobals) = postSolution
		SolutionGuid = {89A4C2F9-973D-4D3A-A116-7653CF6F936E}
	EndGlobalSection
EndGlobal
